
Microsoft Visual Studio Solution File, Format Version 12.00
# Visual Studio Version 17
VisualStudioVersion = 17.14.36327.8 d17.14
MinimumVisualStudioVersion = 10.0.40219.1
Project("{FAE04EC0-301F-11D3-BF4B-00C04F79EFBC}") = "EXB2", "EXB2\EXB2.csproj", "{D349058F-AA71-47AC-AA4A-F4B1BBCF979B}"
EndProject
Global
	GlobalSection(SolutionConfigurationPlatforms) = preSolution
		Debug|Any CPU = Debug|Any CPU
		Release|Any CPU = Release|Any CPU
	EndGlobalSection
	GlobalSection(ProjectConfigurationPlatforms) = postSolution
		{D349058F-AA71-47AC-AA4A-F4B1BBCF979B}.Debug|Any CPU.ActiveCfg = Debug|Any CPU
		{D349058F-AA71-47AC-AA4A-F4B1BBCF979B}.Debug|Any CPU.Build.0 = Debug|Any CPU
		{D349058F-AA71-47AC-AA4A-F4B1BBCF979B}.Release|Any CPU.ActiveCfg = Release|Any CPU
		{D349058F-AA71-47AC-AA4A-F4B1BBCF979B}.Release|Any CPU.Build.0 = Release|Any CPU
	EndGlobalSection
	GlobalSection(SolutionProperties) = preSolution
		HideSolutionNode = FALSE
	EndGlobalSection
	GlobalSection(ExtensibilityGlobals) = postSolution
		SolutionGuid = {0D83896D-47CC-48B2-86F4-D9E73F5B577A}
	EndGlobalSection
EndGlobal
